
Microsoft Visual Studio Solution File, Format Version 12.00
# Visual Studio Version 17
VisualStudioVersion = 17.13.35931.197 d17.13
MinimumVisualStudioVersion = 10.0.40219.1
Project("{FAE04EC0-301F-11D3-BF4B-00C04F79EFBC}") = "ProductInventoryApp", "ProductInventoryApp\ProductInventoryApp.csproj", "{50FE12B1-EE95-4F61-9729-EAE47808BB6F}"
EndProject
Global
	GlobalSection(SolutionConfigurationPlatforms) = preSolution
		Debug|Any CPU = Debug|Any CPU
		Release|Any CPU = Release|Any CPU
	EndGlobalSection
	GlobalSection(ProjectConfigurationPlatforms) = postSolution
		{50FE12B1-EE95-4F61-9729-EAE47808BB6F}.Debug|Any CPU.ActiveCfg = Debug|Any CPU
		{50FE12B1-EE95-4F61-9729-EAE47808BB6F}.Debug|Any CPU.Build.0 = Debug|Any CPU
		{50FE12B1-EE95-4F61-9729-EAE47808BB6F}.Release|Any CPU.ActiveCfg = Release|Any CPU
		{50FE12B1-EE95-4F61-9729-EAE47808BB6F}.Release|Any CPU.Build.0 = Release|Any CPU
	EndGlobalSection
	GlobalSection(SolutionProperties) = preSolution
		HideSolutionNode = FALSE
	EndGlobalSection
	GlobalSection(ExtensibilityGlobals) = postSolution
		SolutionGuid = {5BED4D40-FF4F-4786-8CB6-79AE87BFBA4B}
	EndGlobalSection
EndGlobal
