
Microsoft Visual Studio Solution File, Format Version 12.00
# Visual Studio Version 17
VisualStudioVersion = 17.13.35931.197 d17.13
MinimumVisualStudioVersion = 10.0.40219.1
Project("{FAE04EC0-301F-11D3-BF4B-00C04F79EFBC}") = "TemperatureWebService2", "TemperatureWebService2\TemperatureWebService2.csproj", "{3A59DA3A-B843-4071-BF0B-007A019EB788}"
EndProject
Global
	GlobalSection(SolutionConfigurationPlatforms) = preSolution
		Debug|Any CPU = Debug|Any CPU
		Release|Any CPU = Release|Any CPU
	EndGlobalSection
	GlobalSection(ProjectConfigurationPlatforms) = postSolution
		{3A59DA3A-B843-4071-BF0B-007A019EB788}.Debug|Any CPU.ActiveCfg = Debug|Any CPU
		{3A59DA3A-B843-4071-BF0B-007A019EB788}.Debug|Any CPU.Build.0 = Debug|Any CPU
		{3A59DA3A-B843-4071-BF0B-007A019EB788}.Release|Any CPU.ActiveCfg = Release|Any CPU
		{3A59DA3A-B843-4071-BF0B-007A019EB788}.Release|Any CPU.Build.0 = Release|Any CPU
	EndGlobalSection
	GlobalSection(SolutionProperties) = preSolution
		HideSolutionNode = FALSE
	EndGlobalSection
	GlobalSection(ExtensibilityGlobals) = postSolution
		SolutionGuid = {13F53C00-2335-4173-BEC3-98E073150170}
	EndGlobalSection
EndGlobal
