
Microsoft Visual Studio Solution File, Format Version 12.00
# Visual Studio Version 17
VisualStudioVersion = 17.13.35931.197
MinimumVisualStudioVersion = 10.0.40219.1
Project("{FAE04EC0-301F-11D3-BF4B-00C04F79EFBC}") = "PharmacyManagementSystem", "Pharmacyv2\PharmacyManagementSystem.csproj", "{61DBF772-E8C1-4310-93CD-8182E12EE797}"
EndProject
Global
	GlobalSection(SolutionConfigurationPlatforms) = preSolution
		Debug|Any CPU = Debug|Any CPU
		Release|Any CPU = Release|Any CPU
	EndGlobalSection
	GlobalSection(ProjectConfigurationPlatforms) = postSolution
		{61DBF772-E8C1-4310-93CD-8182E12EE797}.Debug|Any CPU.ActiveCfg = Debug|Any CPU
		{61DBF772-E8C1-4310-93CD-8182E12EE797}.Debug|Any CPU.Build.0 = Debug|Any CPU
		{61DBF772-E8C1-4310-93CD-8182E12EE797}.Release|Any CPU.ActiveCfg = Release|Any CPU
		{61DBF772-E8C1-4310-93CD-8182E12EE797}.Release|Any CPU.Build.0 = Release|Any CPU
	EndGlobalSection
	GlobalSection(SolutionProperties) = preSolution
		HideSolutionNode = FALSE
	EndGlobalSection
	GlobalSection(ExtensibilityGlobals) = postSolution
		SolutionGuid = {CFD4B2AD-71FC-44B7-8DA1-DF6FF2744CA0}
	EndGlobalSection
EndGlobal
